// !$*UTF8*$!
{
	archiveVersion = 1;
	classes = {
	};
	objectVersion = 46;
	objects = {

/* Begin PBXBuildFile section */
		607FACD81AFB9204008FA782 /* FSViewController.swift in Sources */ = {isa = PBXBuildFile; fileRef = 607FACD71AFB9204008FA782 /* FSViewController.swift */; };
		607FACDB1AFB9204008FA782 /* FSStoryboard.storyboard in Resources */ = {isa = PBXBuildFile; fileRef = 607FACD91AFB9204008FA782 /* FSStoryboard.storyboard */; };
		607FACDD1AFB9204008FA782 /* Images.xcassets in Resources */ = {isa = PBXBuildFile; fileRef = 607FACDC1AFB9204008FA782 /* Images.xcassets */; };
		607FACE01AFB9204008FA782 /* LaunchScreen.xib in Resources */ = {isa = PBXBuildFile; fileRef = 607FACDE1AFB9204008FA782 /* LaunchScreen.xib */; };
		7031B3472BE50DFC001611DD /* CustomBconnectConfiguration.swift in Sources */ = {isa = PBXBuildFile; fileRef = 7031B3462BE50DFC001611DD /* CustomBconnectConfiguration.swift */; };
		7031B3482BE50DFC001611DD /* CustomBconnectConfiguration.swift in Sources */ = {isa = PBXBuildFile; fileRef = 7031B3462BE50DFC001611DD /* CustomBconnectConfiguration.swift */; };
		705AE8A72BBFEC76001DFB9E /* AppDelegate.swift in Sources */ = {isa = PBXBuildFile; fileRef = 705AE8A62BBFEC76001DFB9E /* AppDelegate.swift */; };
		705AE8BC2BBFF537001DFB9E /* AppDelegate.swift in Sources */ = {isa = PBXBuildFile; fileRef = 705AE8A62BBFEC76001DFB9E /* AppDelegate.swift */; };
		705AE8BD2BBFF537001DFB9E /* FSViewController.swift in Sources */ = {isa = PBXBuildFile; fileRef = 607FACD71AFB9204008FA782 /* FSViewController.swift */; };
		705AE8C12BBFF537001DFB9E /* FSStoryboard.storyboard in Resources */ = {isa = PBXBuildFile; fileRef = 607FACD91AFB9204008FA782 /* FSStoryboard.storyboard */; };
		705AE8C22BBFF537001DFB9E /* LaunchScreen.xib in Resources */ = {isa = PBXBuildFile; fileRef = 607FACDE1AFB9204008FA782 /* LaunchScreen.xib */; };
		705AE8C32BBFF537001DFB9E /* Images.xcassets in Resources */ = {isa = PBXBuildFile; fileRef = 607FACDC1AFB9204008FA782 /* Images.xcassets */; };
		D837BF0574529F71A37DA9D9 /* Pods_EXAMPLE_App.framework in Frameworks */ = {isa = PBXBuildFile; fileRef = 5BC0F4A6359F69B8D1E56DB7 /* Pods_EXAMPLE_App.framework */; };
		FCC560D6C06927EDF80D33CA /* Pods_DEMO_App.framework in Frameworks */ = {isa = PBXBuildFile; fileRef = 3CAC7C75E3D2C5134937BC8C /* Pods_DEMO_App.framework */; };
/* End PBXBuildFile section */

/* Begin PBXFileReference section */
		1B65783962755602AAA98ACE /* Pods-DEMO App.debug.xcconfig */ = {isa = PBXFileReference; includeInIndex = 1; lastKnownFileType = text.xcconfig; name = "Pods-DEMO App.debug.xcconfig"; path = "Target Support Files/Pods-DEMO App/Pods-DEMO App.debug.xcconfig"; sourceTree = "<group>"; };
		2D2EDB3C048D2A95D2865570 /* Pods-EXAMPLE App.debug.xcconfig */ = {isa = PBXFileReference; includeInIndex = 1; lastKnownFileType = text.xcconfig; name = "Pods-EXAMPLE App.debug.xcconfig"; path = "Target Support Files/Pods-EXAMPLE App/Pods-EXAMPLE App.debug.xcconfig"; sourceTree = "<group>"; };
		3A094DD0D127D8F85D6961E9 /* LICENSE */ = {isa = PBXFileReference; includeInIndex = 1; lastKnownFileType = text; name = LICENSE; path = ../LICENSE; sourceTree = "<group>"; };
		3CAC7C75E3D2C5134937BC8C /* Pods_DEMO_App.framework */ = {isa = PBXFileReference; explicitFileType = wrapper.framework; includeInIndex = 0; path = Pods_DEMO_App.framework; sourceTree = BUILT_PRODUCTS_DIR; };
		5BC0F4A6359F69B8D1E56DB7 /* Pods_EXAMPLE_App.framework */ = {isa = PBXFileReference; explicitFileType = wrapper.framework; includeInIndex = 0; path = Pods_EXAMPLE_App.framework; sourceTree = BUILT_PRODUCTS_DIR; };
		607FACD01AFB9204008FA782 /* EXAMPLE App.app */ = {isa = PBXFileReference; explicitFileType = wrapper.application; includeInIndex = 0; path = "EXAMPLE App.app"; sourceTree = BUILT_PRODUCTS_DIR; };
		607FACD41AFB9204008FA782 /* EXAMPLE-Info.plist */ = {isa = PBXFileReference; lastKnownFileType = text.plist.xml; path = "EXAMPLE-Info.plist"; sourceTree = "<group>"; };
		607FACD71AFB9204008FA782 /* FSViewController.swift */ = {isa = PBXFileReference; lastKnownFileType = sourcecode.swift; path = FSViewController.swift; sourceTree = "<group>"; };
		607FACDA1AFB9204008FA782 /* Base */ = {isa = PBXFileReference; lastKnownFileType = file.storyboard; name = Base; path = Base.lproj/FSStoryboard.storyboard; sourceTree = "<group>"; };
		607FACDC1AFB9204008FA782 /* Images.xcassets */ = {isa = PBXFileReference; lastKnownFileType = folder.assetcatalog; path = Images.xcassets; sourceTree = "<group>"; };
		607FACDF1AFB9204008FA782 /* Base */ = {isa = PBXFileReference; lastKnownFileType = file.xib; name = Base; path = Base.lproj/LaunchScreen.xib; sourceTree = "<group>"; };
		692DF98B72B4367E7678773D /* BConnect.podspec */ = {isa = PBXFileReference; includeInIndex = 1; lastKnownFileType = text; name = BConnect.podspec; path = ../BConnect.podspec; sourceTree = "<group>"; xcLanguageSpecificationIdentifier = xcode.lang.ruby; };
		7031B3462BE50DFC001611DD /* CustomBconnectConfiguration.swift */ = {isa = PBXFileReference; lastKnownFileType = sourcecode.swift; path = CustomBconnectConfiguration.swift; sourceTree = "<group>"; };
		705AE8A62BBFEC76001DFB9E /* AppDelegate.swift */ = {isa = PBXFileReference; lastKnownFileType = sourcecode.swift; path = AppDelegate.swift; sourceTree = "<group>"; };
		705AE8C82BBFF537001DFB9E /* DEMO App.app */ = {isa = PBXFileReference; explicitFileType = wrapper.application; includeInIndex = 0; path = "DEMO App.app"; sourceTree = BUILT_PRODUCTS_DIR; };
		705AE8CB2BC02F35001DFB9E /* DEMO-Info.plist */ = {isa = PBXFileReference; lastKnownFileType = text.plist.xml; path = "DEMO-Info.plist"; sourceTree = "<group>"; };
		724D9542E98DB6B42F7170A5 /* Pods-DEMO App.release.xcconfig */ = {isa = PBXFileReference; includeInIndex = 1; lastKnownFileType = text.xcconfig; name = "Pods-DEMO App.release.xcconfig"; path = "Target Support Files/Pods-DEMO App/Pods-DEMO App.release.xcconfig"; sourceTree = "<group>"; };
		BA194C47346836BDCF58153B /* Pods-OPERA Bank.debug.xcconfig */ = {isa = PBXFileReference; includeInIndex = 1; lastKnownFileType = text.xcconfig; name = "Pods-OPERA Bank.debug.xcconfig"; path = "Target Support Files/Pods-OPERA Bank/Pods-OPERA Bank.debug.xcconfig"; sourceTree = "<group>"; };
		BBCFE61E5D2C66F74A15EC80 /* README.md */ = {isa = PBXFileReference; includeInIndex = 1; lastKnownFileType = net.daringfireball.markdown; name = README.md; path = ../README.md; sourceTree = "<group>"; };
		D1D85032B025634CDFA40FF2 /* Pods_BConnect_Tests.framework */ = {isa = PBXFileReference; explicitFileType = wrapper.framework; includeInIndex = 0; path = Pods_BConnect_Tests.framework; sourceTree = BUILT_PRODUCTS_DIR; };
		DBC7A75D3AE6D5F36F45B189 /* Pods-EXAMPLE App.release.xcconfig */ = {isa = PBXFileReference; includeInIndex = 1; lastKnownFileType = text.xcconfig; name = "Pods-EXAMPLE App.release.xcconfig"; path = "Target Support Files/Pods-EXAMPLE App/Pods-EXAMPLE App.release.xcconfig"; sourceTree = "<group>"; };
		DF4F9E7D7A3EFDEF63AF75F1 /* Pods-BConnect_Tests.release.xcconfig */ = {isa = PBXFileReference; includeInIndex = 1; lastKnownFileType = text.xcconfig; name = "Pods-BConnect_Tests.release.xcconfig"; path = "Target Support Files/Pods-BConnect_Tests/Pods-BConnect_Tests.release.xcconfig"; sourceTree = "<group>"; };
		E57D8BE688BF88520FB47AF3 /* Pods-BConnect_Tests.debug.xcconfig */ = {isa = PBXFileReference; includeInIndex = 1; lastKnownFileType = text.xcconfig; name = "Pods-BConnect_Tests.debug.xcconfig"; path = "Target Support Files/Pods-BConnect_Tests/Pods-BConnect_Tests.debug.xcconfig"; sourceTree = "<group>"; };
		FB9E32492367E8AA3B66F5D5 /* Pods_OPERA_Bank.framework */ = {isa = PBXFileReference; explicitFileType = wrapper.framework; includeInIndex = 0; path = Pods_OPERA_Bank.framework; sourceTree = BUILT_PRODUCTS_DIR; };
		FEB157FEDAF6475970A8AB65 /* Pods-OPERA Bank.release.xcconfig */ = {isa = PBXFileReference; includeInIndex = 1; lastKnownFileType = text.xcconfig; name = "Pods-OPERA Bank.release.xcconfig"; path = "Target Support Files/Pods-OPERA Bank/Pods-OPERA Bank.release.xcconfig"; sourceTree = "<group>"; };
/* End PBXFileReference section */

/* Begin PBXFrameworksBuildPhase section */
		607FACCD1AFB9204008FA782 /* Frameworks */ = {
			isa = PBXFrameworksBuildPhase;
			buildActionMask = 2147483647;
			files = (
				D837BF0574529F71A37DA9D9 /* Pods_EXAMPLE_App.framework in Frameworks */,
			);
			runOnlyForDeploymentPostprocessing = 0;
		};
		705AE8BE2BBFF537001DFB9E /* Frameworks */ = {
			isa = PBXFrameworksBuildPhase;
			buildActionMask = 2147483647;
			files = (
				FCC560D6C06927EDF80D33CA /* Pods_DEMO_App.framework in Frameworks */,
			);
			runOnlyForDeploymentPostprocessing = 0;
		};
/* End PBXFrameworksBuildPhase section */

/* Begin PBXGroup section */
		424DDE57CB846573E8ADA272 /* Frameworks */ = {
			isa = PBXGroup;
			children = (
				D1D85032B025634CDFA40FF2 /* Pods_BConnect_Tests.framework */,
				FB9E32492367E8AA3B66F5D5 /* Pods_OPERA_Bank.framework */,
				3CAC7C75E3D2C5134937BC8C /* Pods_DEMO_App.framework */,
				5BC0F4A6359F69B8D1E56DB7 /* Pods_EXAMPLE_App.framework */,
			);
			name = Frameworks;
			sourceTree = "<group>";
		};
		607FACC71AFB9204008FA782 = {
			isa = PBXGroup;
			children = (
				607FACF51AFB993E008FA782 /* Podspec Metadata */,
				607FACD21AFB9204008FA782 /* Example for BConnect */,
				607FACD11AFB9204008FA782 /* Products */,
				89FE1634A5FA3FF5D09DC5FF /* Pods */,
				424DDE57CB846573E8ADA272 /* Frameworks */,
			);
			sourceTree = "<group>";
		};
		607FACD11AFB9204008FA782 /* Products */ = {
			isa = PBXGroup;
			children = (
				607FACD01AFB9204008FA782 /* EXAMPLE App.app */,
				705AE8C82BBFF537001DFB9E /* DEMO App.app */,
			);
			name = Products;
			sourceTree = "<group>";
		};
		607FACD21AFB9204008FA782 /* Example for BConnect */ = {
			isa = PBXGroup;
			children = (
				705AE8A52BBFEC65001DFB9E /* FS */,
				607FACDE1AFB9204008FA782 /* LaunchScreen.xib */,
				607FACDC1AFB9204008FA782 /* Images.xcassets */,
				607FACD31AFB9204008FA782 /* Supporting Files */,
			);
			name = "Example for BConnect";
			path = BConnect;
			sourceTree = "<group>";
		};
		607FACD31AFB9204008FA782 /* Supporting Files */ = {
			isa = PBXGroup;
			children = (
				705AE8CB2BC02F35001DFB9E /* DEMO-Info.plist */,
				607FACD41AFB9204008FA782 /* EXAMPLE-Info.plist */,
			);
			name = "Supporting Files";
			sourceTree = "<group>";
		};
		607FACF51AFB993E008FA782 /* Podspec Metadata */ = {
			isa = PBXGroup;
			children = (
				692DF98B72B4367E7678773D /* BConnect.podspec */,
				BBCFE61E5D2C66F74A15EC80 /* README.md */,
				3A094DD0D127D8F85D6961E9 /* LICENSE */,
			);
			name = "Podspec Metadata";
			sourceTree = "<group>";
		};
		705AE8A52BBFEC65001DFB9E /* FS */ = {
			isa = PBXGroup;
			children = (
				705AE8A62BBFEC76001DFB9E /* AppDelegate.swift */,
				7031B3462BE50DFC001611DD /* CustomBconnectConfiguration.swift */,
				607FACD71AFB9204008FA782 /* FSViewController.swift */,
				607FACD91AFB9204008FA782 /* FSStoryboard.storyboard */,
			);
			path = FS;
			sourceTree = "<group>";
		};
		89FE1634A5FA3FF5D09DC5FF /* Pods */ = {
			isa = PBXGroup;
			children = (
				E57D8BE688BF88520FB47AF3 /* Pods-BConnect_Tests.debug.xcconfig */,
				DF4F9E7D7A3EFDEF63AF75F1 /* Pods-BConnect_Tests.release.xcconfig */,
				BA194C47346836BDCF58153B /* Pods-OPERA Bank.debug.xcconfig */,
				FEB157FEDAF6475970A8AB65 /* Pods-OPERA Bank.release.xcconfig */,
				1B65783962755602AAA98ACE /* Pods-DEMO App.debug.xcconfig */,
				724D9542E98DB6B42F7170A5 /* Pods-DEMO App.release.xcconfig */,
				2D2EDB3C048D2A95D2865570 /* Pods-EXAMPLE App.debug.xcconfig */,
				DBC7A75D3AE6D5F36F45B189 /* Pods-EXAMPLE App.release.xcconfig */,
			);
			path = Pods;
			sourceTree = "<group>";
		};
/* End PBXGroup section */

/* Begin PBXNativeTarget section */
		607FACCF1AFB9204008FA782 /* EXAMPLE App */ = {
			isa = PBXNativeTarget;
			buildConfigurationList = 607FACEF1AFB9204008FA782 /* Build configuration list for PBXNativeTarget "EXAMPLE App" */;
			buildPhases = (
				D582B48AB6ACC409BED97029 /* [CP] Check Pods Manifest.lock */,
				607FACCC1AFB9204008FA782 /* Sources */,
				607FACCD1AFB9204008FA782 /* Frameworks */,
				607FACCE1AFB9204008FA782 /* Resources */,
				095FFA9BBBA8F056AB4E9CA7 /* [CP] Embed Pods Frameworks */,
			);
			buildRules = (
			);
			dependencies = (
			);
			name = "EXAMPLE App";
			productName = BConnect;
			productReference = 607FACD01AFB9204008FA782 /* EXAMPLE App.app */;
			productType = "com.apple.product-type.application";
		};
		705AE8B92BBFF537001DFB9E /* DEMO App */ = {
			isa = PBXNativeTarget;
			buildConfigurationList = 705AE8C52BBFF537001DFB9E /* Build configuration list for PBXNativeTarget "DEMO App" */;
			buildPhases = (
				705AE8BA2BBFF537001DFB9E /* [CP] Check Pods Manifest.lock */,
				705AE8BB2BBFF537001DFB9E /* Sources */,
				705AE8BE2BBFF537001DFB9E /* Frameworks */,
				705AE8C02BBFF537001DFB9E /* Resources */,
				705AE8C42BBFF537001DFB9E /* [CP] Embed Pods Frameworks */,
			);
			buildRules = (
			);
			dependencies = (
			);
			name = "DEMO App";
			productName = BConnect;
			productReference = 705AE8C82BBFF537001DFB9E /* DEMO App.app */;
			productType = "com.apple.product-type.application";
		};
/* End PBXNativeTarget section */

/* Begin PBXProject section */
		607FACC81AFB9204008FA782 /* Project object */ = {
			isa = PBXProject;
			attributes = {
				LastSwiftUpdateCheck = 0830;
				LastUpgradeCheck = 0830;
				ORGANIZATIONNAME = BConnect;
				TargetAttributes = {
					607FACCF1AFB9204008FA782 = {
						CreatedOnToolsVersion = 6.3.1;
						DevelopmentTeam = 8PN3J7J93H;
						LastSwiftMigration = 0900;
						ProvisioningStyle = Manual;
					};
					705AE8B92BBFF537001DFB9E = {
						DevelopmentTeam = 8PN3J7J93H;
						ProvisioningStyle = Manual;
					};
				};
			};
			buildConfigurationList = 607FACCB1AFB9204008FA782 /* Build configuration list for PBXProject "BConnect" */;
			compatibilityVersion = "Xcode 3.2";
			developmentRegion = English;
			hasScannedForEncodings = 0;
			knownRegions = (
				English,
				en,
				Base,
			);
			mainGroup = 607FACC71AFB9204008FA782;
			productRefGroup = 607FACD11AFB9204008FA782 /* Products */;
			projectDirPath = "";
			projectRoot = "";
			targets = (
				705AE8B92BBFF537001DFB9E /* DEMO App */,
				607FACCF1AFB9204008FA782 /* EXAMPLE App */,
			);
		};
/* End PBXProject section */

/* Begin PBXResourcesBuildPhase section */
		607FACCE1AFB9204008FA782 /* Resources */ = {
			isa = PBXResourcesBuildPhase;
			buildActionMask = 2147483647;
			files = (
				607FACDB1AFB9204008FA782 /* FSStoryboard.storyboard in Resources */,
				607FACE01AFB9204008FA782 /* LaunchScreen.xib in Resources */,
				607FACDD1AFB9204008FA782 /* Images.xcassets in Resources */,
			);
			runOnlyForDeploymentPostprocessing = 0;
		};
		705AE8C02BBFF537001DFB9E /* Resources */ = {
			isa = PBXResourcesBuildPhase;
			buildActionMask = 2147483647;
			files = (
				705AE8C12BBFF537001DFB9E /* FSStoryboard.storyboard in Resources */,
				705AE8C22BBFF537001DFB9E /* LaunchScreen.xib in Resources */,
				705AE8C32BBFF537001DFB9E /* Images.xcassets in Resources */,
			);
			runOnlyForDeploymentPostprocessing = 0;
		};
/* End PBXResourcesBuildPhase section */

/* Begin PBXShellScriptBuildPhase section */
		095FFA9BBBA8F056AB4E9CA7 /* [CP] Embed Pods Frameworks */ = {
			isa = PBXShellScriptBuildPhase;
			buildActionMask = 2147483647;
			files = (
			);
			inputPaths = (
				"${PODS_ROOT}/Target Support Files/Pods-EXAMPLE App/Pods-EXAMPLE App-frameworks.sh",
				"${BUILT_PRODUCTS_DIR}/Alamofire/Alamofire.framework",
				"${BUILT_PRODUCTS_DIR}/AlamofireImage/AlamofireImage.framework",
				"${BUILT_PRODUCTS_DIR}/AppAuth/AppAuth.framework",
				"${BUILT_PRODUCTS_DIR}/BConnect/BConnect.framework",
			);
			name = "[CP] Embed Pods Frameworks";
			outputPaths = (
				"${TARGET_BUILD_DIR}/${FRAMEWORKS_FOLDER_PATH}/Alamofire.framework",
				"${TARGET_BUILD_DIR}/${FRAMEWORKS_FOLDER_PATH}/AlamofireImage.framework",
				"${TARGET_BUILD_DIR}/${FRAMEWORKS_FOLDER_PATH}/AppAuth.framework",
				"${TARGET_BUILD_DIR}/${FRAMEWORKS_FOLDER_PATH}/BConnect.framework",
			);
			runOnlyForDeploymentPostprocessing = 0;
			shellPath = /bin/sh;
			shellScript = "\"${PODS_ROOT}/Target Support Files/Pods-EXAMPLE App/Pods-EXAMPLE App-frameworks.sh\"\n";
			showEnvVarsInLog = 0;
		};
		705AE8BA2BBFF537001DFB9E /* [CP] Check Pods Manifest.lock */ = {
			isa = PBXShellScriptBuildPhase;
			buildActionMask = 2147483647;
			files = (
			);
			inputFileListPaths = (
			);
			inputPaths = (
				"${PODS_PODFILE_DIR_PATH}/Podfile.lock",
				"${PODS_ROOT}/Manifest.lock",
			);
			name = "[CP] Check Pods Manifest.lock";
			outputFileListPaths = (
			);
			outputPaths = (
				"$(DERIVED_FILE_DIR)/Pods-DEMO App-checkManifestLockResult.txt",
			);
			runOnlyForDeploymentPostprocessing = 0;
			shellPath = /bin/sh;
			shellScript = "diff \"${PODS_PODFILE_DIR_PATH}/Podfile.lock\" \"${PODS_ROOT}/Manifest.lock\" > /dev/null\nif [ $? != 0 ] ; then\n    # print error to STDERR\n    echo \"error: The sandbox is not in sync with the Podfile.lock. Run 'pod install' or update your CocoaPods installation.\" >&2\n    exit 1\nfi\n# This output is used by Xcode 'outputs' to avoid re-running this script phase.\necho \"SUCCESS\" > \"${SCRIPT_OUTPUT_FILE_0}\"\n";
			showEnvVarsInLog = 0;
		};
		705AE8C42BBFF537001DFB9E /* [CP] Embed Pods Frameworks */ = {
			isa = PBXShellScriptBuildPhase;
			buildActionMask = 2147483647;
			files = (
			);
			inputPaths = (
				"${PODS_ROOT}/Target Support Files/Pods-DEMO App/Pods-DEMO App-frameworks.sh",
				"${BUILT_PRODUCTS_DIR}/Alamofire/Alamofire.framework",
				"${BUILT_PRODUCTS_DIR}/AlamofireImage/AlamofireImage.framework",
				"${BUILT_PRODUCTS_DIR}/AppAuth/AppAuth.framework",
				"${BUILT_PRODUCTS_DIR}/BConnect/BConnect.framework",
			);
			name = "[CP] Embed Pods Frameworks";
			outputPaths = (
				"${TARGET_BUILD_DIR}/${FRAMEWORKS_FOLDER_PATH}/Alamofire.framework",
				"${TARGET_BUILD_DIR}/${FRAMEWORKS_FOLDER_PATH}/AlamofireImage.framework",
				"${TARGET_BUILD_DIR}/${FRAMEWORKS_FOLDER_PATH}/AppAuth.framework",
				"${TARGET_BUILD_DIR}/${FRAMEWORKS_FOLDER_PATH}/BConnect.framework",
			);
			runOnlyForDeploymentPostprocessing = 0;
			shellPath = /bin/sh;
			shellScript = "\"${PODS_ROOT}/Target Support Files/Pods-DEMO App/Pods-DEMO App-frameworks.sh\"\n";
			showEnvVarsInLog = 0;
		};
		D582B48AB6ACC409BED97029 /* [CP] Check Pods Manifest.lock */ = {
			isa = PBXShellScriptBuildPhase;
			buildActionMask = 2147483647;
			files = (
			);
			inputFileListPaths = (
			);
			inputPaths = (
				"${PODS_PODFILE_DIR_PATH}/Podfile.lock",
				"${PODS_ROOT}/Manifest.lock",
			);
			name = "[CP] Check Pods Manifest.lock";
			outputFileListPaths = (
			);
			outputPaths = (
				"$(DERIVED_FILE_DIR)/Pods-EXAMPLE App-checkManifestLockResult.txt",
			);
			runOnlyForDeploymentPostprocessing = 0;
			shellPath = /bin/sh;
			shellScript = "diff \"${PODS_PODFILE_DIR_PATH}/Podfile.lock\" \"${PODS_ROOT}/Manifest.lock\" > /dev/null\nif [ $? != 0 ] ; then\n    # print error to STDERR\n    echo \"error: The sandbox is not in sync with the Podfile.lock. Run 'pod install' or update your CocoaPods installation.\" >&2\n    exit 1\nfi\n# This output is used by Xcode 'outputs' to avoid re-running this script phase.\necho \"SUCCESS\" > \"${SCRIPT_OUTPUT_FILE_0}\"\n";
			showEnvVarsInLog = 0;
		};
/* End PBXShellScriptBuildPhase section */

/* Begin PBXSourcesBuildPhase section */
		607FACCC1AFB9204008FA782 /* Sources */ = {
			isa = PBXSourcesBuildPhase;
			buildActionMask = 2147483647;
			files = (
				705AE8A72BBFEC76001DFB9E /* AppDelegate.swift in Sources */,
				607FACD81AFB9204008FA782 /* FSViewController.swift in Sources */,
				7031B3482BE50DFC001611DD /* CustomBconnectConfiguration.swift in Sources */,
			);
			runOnlyForDeploymentPostprocessing = 0;
		};
		705AE8BB2BBFF537001DFB9E /* Sources */ = {
			isa = PBXSourcesBuildPhase;
			buildActionMask = 2147483647;
			files = (
				705AE8BC2BBFF537001DFB9E /* AppDelegate.swift in Sources */,
				705AE8BD2BBFF537001DFB9E /* FSViewController.swift in Sources */,
				7031B3472BE50DFC001611DD /* CustomBconnectConfiguration.swift in Sources */,
			);
			runOnlyForDeploymentPostprocessing = 0;
		};
/* End PBXSourcesBuildPhase section */

/* Begin PBXVariantGroup section */
		607FACD91AFB9204008FA782 /* FSStoryboard.storyboard */ = {
			isa = PBXVariantGroup;
			children = (
				607FACDA1AFB9204008FA782 /* Base */,
			);
			name = FSStoryboard.storyboard;
			sourceTree = "<group>";
		};
		607FACDE1AFB9204008FA782 /* LaunchScreen.xib */ = {
			isa = PBXVariantGroup;
			children = (
				607FACDF1AFB9204008FA782 /* Base */,
			);
			name = LaunchScreen.xib;
			sourceTree = "<group>";
		};
/* End PBXVariantGroup section */

/* Begin XCBuildConfiguration section */
		607FACED1AFB9204008FA782 /* Debug */ = {
			isa = XCBuildConfiguration;
			buildSettings = {
				ALWAYS_SEARCH_USER_PATHS = NO;
				CLANG_CXX_LANGUAGE_STANDARD = "gnu++0x";
				CLANG_CXX_LIBRARY = "libc++";
				CLANG_ENABLE_MODULES = YES;
				CLANG_ENABLE_OBJC_ARC = YES;
				CLANG_WARN_BLOCK_CAPTURE_AUTORELEASING = YES;
				CLANG_WARN_BOOL_CONVERSION = YES;
				CLANG_WARN_COMMA = YES;
				CLANG_WARN_CONSTANT_CONVERSION = YES;
				CLANG_WARN_DIRECT_OBJC_ISA_USAGE = YES_ERROR;
				CLANG_WARN_EMPTY_BODY = YES;
				CLANG_WARN_ENUM_CONVERSION = YES;
				CLANG_WARN_INFINITE_RECURSION = YES;
				CLANG_WARN_INT_CONVERSION = YES;
				CLANG_WARN_NON_LITERAL_NULL_CONVERSION = YES;
				CLANG_WARN_OBJC_LITERAL_CONVERSION = YES;
				CLANG_WARN_OBJC_ROOT_CLASS = YES_ERROR;
				CLANG_WARN_RANGE_LOOP_ANALYSIS = YES;
				CLANG_WARN_STRICT_PROTOTYPES = YES;
				CLANG_WARN_SUSPICIOUS_MOVE = YES;
				CLANG_WARN_UNREACHABLE_CODE = YES;
				CLANG_WARN__DUPLICATE_METHOD_MATCH = YES;
				"CODE_SIGN_IDENTITY[sdk=iphoneos*]" = "iPhone Developer";
				COPY_PHASE_STRIP = NO;
				DEBUG_INFORMATION_FORMAT = "dwarf-with-dsym";
				ENABLE_STRICT_OBJC_MSGSEND = YES;
				ENABLE_TESTABILITY = YES;
				GCC_C_LANGUAGE_STANDARD = gnu99;
				GCC_DYNAMIC_NO_PIC = NO;
				GCC_NO_COMMON_BLOCKS = YES;
				GCC_OPTIMIZATION_LEVEL = 0;
				GCC_PREPROCESSOR_DEFINITIONS = (
					"DEBUG=1",
					"$(inherited)",
				);
				GCC_SYMBOLS_PRIVATE_EXTERN = NO;
				GCC_WARN_64_TO_32_BIT_CONVERSION = YES;
				GCC_WARN_ABOUT_RETURN_TYPE = YES_ERROR;
				GCC_WARN_UNDECLARED_SELECTOR = YES;
				GCC_WARN_UNINITIALIZED_AUTOS = YES_AGGRESSIVE;
				GCC_WARN_UNUSED_FUNCTION = YES;
				GCC_WARN_UNUSED_VARIABLE = YES;
				IPHONEOS_DEPLOYMENT_TARGET = 9.3;
				MTL_ENABLE_DEBUG_INFO = YES;
				ONLY_ACTIVE_ARCH = YES;
				SDKROOT = iphoneos;
				SWIFT_OPTIMIZATION_LEVEL = "-Onone";
			};
			name = Debug;
		};
		607FACEE1AFB9204008FA782 /* Release */ = {
			isa = XCBuildConfiguration;
			buildSettings = {
				ALWAYS_SEARCH_USER_PATHS = NO;
				CLANG_CXX_LANGUAGE_STANDARD = "gnu++0x";
				CLANG_CXX_LIBRARY = "libc++";
				CLANG_ENABLE_MODULES = YES;
				CLANG_ENABLE_OBJC_ARC = YES;
				CLANG_WARN_BLOCK_CAPTURE_AUTORELEASING = YES;
				CLANG_WARN_BOOL_CONVERSION = YES;
				CLANG_WARN_COMMA = YES;
				CLANG_WARN_CONSTANT_CONVERSION = YES;
				CLANG_WARN_DIRECT_OBJC_ISA_USAGE = YES_ERROR;
				CLANG_WARN_EMPTY_BODY = YES;
				CLANG_WARN_ENUM_CONVERSION = YES;
				CLANG_WARN_INFINITE_RECURSION = YES;
				CLANG_WARN_INT_CONVERSION = YES;
				CLANG_WARN_NON_LITERAL_NULL_CONVERSION = YES;
				CLANG_WARN_OBJC_LITERAL_CONVERSION = YES;
				CLANG_WARN_OBJC_ROOT_CLASS = YES_ERROR;
				CLANG_WARN_RANGE_LOOP_ANALYSIS = YES;
				CLANG_WARN_STRICT_PROTOTYPES = YES;
				CLANG_WARN_SUSPICIOUS_MOVE = YES;
				CLANG_WARN_UNREACHABLE_CODE = YES;
				CLANG_WARN__DUPLICATE_METHOD_MATCH = YES;
				"CODE_SIGN_IDENTITY[sdk=iphoneos*]" = "iPhone Developer";
				COPY_PHASE_STRIP = NO;
				DEBUG_INFORMATION_FORMAT = "dwarf-with-dsym";
				ENABLE_NS_ASSERTIONS = NO;
				ENABLE_STRICT_OBJC_MSGSEND = YES;
				GCC_C_LANGUAGE_STANDARD = gnu99;
				GCC_NO_COMMON_BLOCKS = YES;
				GCC_WARN_64_TO_32_BIT_CONVERSION = YES;
				GCC_WARN_ABOUT_RETURN_TYPE = YES_ERROR;
				GCC_WARN_UNDECLARED_SELECTOR = YES;
				GCC_WARN_UNINITIALIZED_AUTOS = YES_AGGRESSIVE;
				GCC_WARN_UNUSED_FUNCTION = YES;
				GCC_WARN_UNUSED_VARIABLE = YES;
				IPHONEOS_DEPLOYMENT_TARGET = 9.3;
				MTL_ENABLE_DEBUG_INFO = NO;
				SDKROOT = iphoneos;
				SWIFT_OPTIMIZATION_LEVEL = "-Owholemodule";
				VALIDATE_PRODUCT = YES;
			};
			name = Release;
		};
		607FACF01AFB9204008FA782 /* Debug */ = {
			isa = XCBuildConfiguration;
			baseConfigurationReference = 2D2EDB3C048D2A95D2865570 /* Pods-EXAMPLE App.debug.xcconfig */;
			buildSettings = {
				ASSETCATALOG_COMPILER_APPICON_NAME = AppIcon;
				CODE_SIGN_IDENTITY = "Apple Development";
				"CODE_SIGN_IDENTITY[sdk=iphoneos*]" = "iPhone Developer";
				CODE_SIGN_STYLE = Manual;
				CURRENT_PROJECT_VERSION = 1;
				DEVELOPMENT_TEAM = "";
				"DEVELOPMENT_TEAM[sdk=iphoneos*]" = 8PN3J7J93H;
				INFOPLIST_FILE = "BConnect/EXAMPLE-Info.plist";
				INFOPLIST_KEY_CFBundleDisplayName = "EXAMPLE App";
				IPHONEOS_DEPLOYMENT_TARGET = 11.0;
				LD_RUNPATH_SEARCH_PATHS = "$(inherited) @executable_path/Frameworks";
				MARKETING_VERSION = 0.1;
				MODULE_NAME = ExampleApp;
				OTHER_SWIFT_FLAGS = "$(inherited) -D APPFS";
				PRODUCT_BUNDLE_IDENTIFIER = net.bconnect.sdk.app.example;
				PRODUCT_NAME = "$(TARGET_NAME)";
				PROVISIONING_PROFILE_SPECIFIER = "";
				"PROVISIONING_PROFILE_SPECIFIER[sdk=iphoneos*]" = "BConnect app example dev";
				SUPPORTED_PLATFORMS = "iphoneos iphonesimulator";
				SUPPORTS_MACCATALYST = NO;
				SUPPORTS_MAC_DESIGNED_FOR_IPHONE_IPAD = NO;
				SUPPORTS_XR_DESIGNED_FOR_IPHONE_IPAD = NO;
				SWIFT_SWIFT3_OBJC_INFERENCE = Default;
				SWIFT_VERSION = 4.0;
				TARGETED_DEVICE_FAMILY = 1;
			};
			name = Debug;
		};
		607FACF11AFB9204008FA782 /* Release */ = {
			isa = XCBuildConfiguration;
			baseConfigurationReference = DBC7A75D3AE6D5F36F45B189 /* Pods-EXAMPLE App.release.xcconfig */;
			buildSettings = {
				ASSETCATALOG_COMPILER_APPICON_NAME = AppIcon;
				CODE_SIGN_IDENTITY = "Apple Development";
				"CODE_SIGN_IDENTITY[sdk=iphoneos*]" = "iPhone Distribution";
				CODE_SIGN_STYLE = Manual;
				CURRENT_PROJECT_VERSION = 1;
				DEVELOPMENT_TEAM = "";
				"DEVELOPMENT_TEAM[sdk=iphoneos*]" = 8PN3J7J93H;
				INFOPLIST_FILE = "BConnect/EXAMPLE-Info.plist";
				INFOPLIST_KEY_CFBundleDisplayName = "EXAMPLE App";
				IPHONEOS_DEPLOYMENT_TARGET = 11.0;
				LD_RUNPATH_SEARCH_PATHS = "$(inherited) @executable_path/Frameworks";
				MARKETING_VERSION = 0.1;
				MODULE_NAME = ExampleApp;
				OTHER_SWIFT_FLAGS = "$(inherited) -D APPFS";
				PRODUCT_BUNDLE_IDENTIFIER = net.bconnect.sdk.app.example;
				PRODUCT_NAME = "$(TARGET_NAME)";
				PROVISIONING_PROFILE_SPECIFIER = "";
				"PROVISIONING_PROFILE_SPECIFIER[sdk=iphoneos*]" = "BConnect app example appstore";
				SUPPORTED_PLATFORMS = "iphoneos iphonesimulator";
				SUPPORTS_MACCATALYST = NO;
				SUPPORTS_MAC_DESIGNED_FOR_IPHONE_IPAD = NO;
				SUPPORTS_XR_DESIGNED_FOR_IPHONE_IPAD = NO;
				SWIFT_SWIFT3_OBJC_INFERENCE = Default;
				SWIFT_VERSION = 4.0;
				TARGETED_DEVICE_FAMILY = 1;
			};
			name = Release;
		};
		705AE8C62BBFF537001DFB9E /* Debug */ = {
			isa = XCBuildConfiguration;
			baseConfigurationReference = 1B65783962755602AAA98ACE /* Pods-DEMO App.debug.xcconfig */;
			buildSettings = {
				ASSETCATALOG_COMPILER_APPICON_NAME = AppIcon;
				CODE_SIGN_IDENTITY = "Apple Development";
				"CODE_SIGN_IDENTITY[sdk=iphoneos*]" = "iPhone Developer";
				CODE_SIGN_STYLE = Manual;
				CURRENT_PROJECT_VERSION = 1;
				DEVELOPMENT_TEAM = "";
				"DEVELOPMENT_TEAM[sdk=iphoneos*]" = 8PN3J7J93H;
				INFOPLIST_FILE = "BConnect/DEMO-Info.plist";
				INFOPLIST_KEY_CFBundleDisplayName = "DEMO App";
				IPHONEOS_DEPLOYMENT_TARGET = 11.0;
				LD_RUNPATH_SEARCH_PATHS = "$(inherited) @executable_path/Frameworks";
				MARKETING_VERSION = 0.1;
				MODULE_NAME = ExampleApp;
				OTHER_SWIFT_FLAGS = "$(inherited) -D APPFS";
				PRODUCT_BUNDLE_IDENTIFIER = net.bconnect.sdk.app.demo;
				PRODUCT_NAME = "$(TARGET_NAME)";
				PROVISIONING_PROFILE_SPECIFIER = "";
				"PROVISIONING_PROFILE_SPECIFIER[sdk=iphoneos*]" = "BConnect app demo dev";
				SUPPORTED_PLATFORMS = "iphoneos iphonesimulator";
				SUPPORTS_MACCATALYST = NO;
				SUPPORTS_MAC_DESIGNED_FOR_IPHONE_IPAD = NO;
				SUPPORTS_XR_DESIGNED_FOR_IPHONE_IPAD = NO;
				SWIFT_SWIFT3_OBJC_INFERENCE = Default;
				SWIFT_VERSION = 4.0;
				TARGETED_DEVICE_FAMILY = 1;
			};
			name = Debug;
		};
		705AE8C72BBFF537001DFB9E /* Release */ = {
			isa = XCBuildConfiguration;
			baseConfigurationReference = 724D9542E98DB6B42F7170A5 /* Pods-DEMO App.release.xcconfig */;
			buildSettings = {
				ASSETCATALOG_COMPILER_APPICON_NAME = AppIcon;
				CODE_SIGN_IDENTITY = "Apple Development";
				"CODE_SIGN_IDENTITY[sdk=iphoneos*]" = "iPhone Distribution";
				CODE_SIGN_STYLE = Manual;
				CURRENT_PROJECT_VERSION = 1;
				DEVELOPMENT_TEAM = "";
				"DEVELOPMENT_TEAM[sdk=iphoneos*]" = 8PN3J7J93H;
				INFOPLIST_FILE = "BConnect/DEMO-Info.plist";
				INFOPLIST_KEY_CFBundleDisplayName = "DEMO App";
				IPHONEOS_DEPLOYMENT_TARGET = 11.0;
				LD_RUNPATH_SEARCH_PATHS = "$(inherited) @executable_path/Frameworks";
				MARKETING_VERSION = 0.1;
				MODULE_NAME = ExampleApp;
				OTHER_SWIFT_FLAGS = "$(inherited) -D APPFS";
				PRODUCT_BUNDLE_IDENTIFIER = net.bconnect.sdk.app.demo;
				PRODUCT_NAME = "$(TARGET_NAME)";
				PROVISIONING_PROFILE_SPECIFIER = "";
				"PROVISIONING_PROFILE_SPECIFIER[sdk=iphoneos*]" = "BConnect app demo appstore";
				SUPPORTED_PLATFORMS = "iphoneos iphonesimulator";
				SUPPORTS_MACCATALYST = NO;
				SUPPORTS_MAC_DESIGNED_FOR_IPHONE_IPAD = NO;
				SUPPORTS_XR_DESIGNED_FOR_IPHONE_IPAD = NO;
				SWIFT_SWIFT3_OBJC_INFERENCE = Default;
				SWIFT_VERSION = 4.0;
				TARGETED_DEVICE_FAMILY = 1;
			};
			name = Release;
		};
/* End XCBuildConfiguration section */

/* Begin XCConfigurationList section */
		607FACCB1AFB9204008FA782 /* Build configuration list for PBXProject "BConnect" */ = {
			isa = XCConfigurationList;
			buildConfigurations = (
				607FACED1AFB9204008FA782 /* Debug */,
				607FACEE1AFB9204008FA782 /* Release */,
			);
			defaultConfigurationIsVisible = 0;
			defaultConfigurationName = Release;
		};
		607FACEF1AFB9204008FA782 /* Build configuration list for PBXNativeTarget "EXAMPLE App" */ = {
			isa = XCConfigurationList;
			buildConfigurations = (
				607FACF01AFB9204008FA782 /* Debug */,
				607FACF11AFB9204008FA782 /* Release */,
			);
			defaultConfigurationIsVisible = 0;
			defaultConfigurationName = Release;
		};
		705AE8C52BBFF537001DFB9E /* Build configuration list for PBXNativeTarget "DEMO App" */ = {
			isa = XCConfigurationList;
			buildConfigurations = (
				705AE8C62BBFF537001DFB9E /* Debug */,
				705AE8C72BBFF537001DFB9E /* Release */,
			);
			defaultConfigurationIsVisible = 0;
			defaultConfigurationName = Release;
		};
/* End XCConfigurationList section */
	};
	rootObject = 607FACC81AFB9204008FA782 /* Project object */;
}
